
Microsoft Visual Studio Solution File, Format Version 12.00
# Visual Studio Version 16
VisualStudioVersion = 16.0.31205.134
MinimumVisualStudioVersion = 10.0.40219.1
Project("{9A19103F-16F7-4668-BE54-9A1E7A4F7556}") = "Moq.RestSharp.Helpers", "Moq.RestSharp.Helpers\Moq.RestSharp.Helpers.csproj", "{4517D357-9D9D-4F6F-81DF-C99FB6F95BFB}"
EndProject
Project("{2150E333-8FDC-42A3-9474-1A3956D46DE8}") = "Solution Items", "Solution Items", "{D52E36A9-E04D-4FA7-A66E-7E0261298C8C}"
	ProjectSection(SolutionItems) = preProject
		Directory.Build.props = Directory.Build.props
		README.md = README.md
	EndProjectSection
EndProject
Project("{FAE04EC0-301F-11D3-BF4B-00C04F79EFBC}") = "Examples", "Examples\Examples.csproj", "{EABCAF99-BE27-4C3F-B8A6-C40E6C160F04}"
EndProject
Global
	GlobalSection(SolutionConfigurationPlatforms) = preSolution
		Debug|Any CPU = Debug|Any CPU
		Release|Any CPU = Release|Any CPU
	EndGlobalSection
	GlobalSection(ProjectConfigurationPlatforms) = postSolution
		{4517D357-9D9D-4F6F-81DF-C99FB6F95BFB}.Debug|Any CPU.ActiveCfg = Debug|Any CPU
		{4517D357-9D9D-4F6F-81DF-C99FB6F95BFB}.Debug|Any CPU.Build.0 = Debug|Any CPU
		{4517D357-9D9D-4F6F-81DF-C99FB6F95BFB}.Release|Any CPU.ActiveCfg = Release|Any CPU
		{4517D357-9D9D-4F6F-81DF-C99FB6F95BFB}.Release|Any CPU.Build.0 = Release|Any CPU
		{EABCAF99-BE27-4C3F-B8A6-C40E6C160F04}.Debug|Any CPU.ActiveCfg = Debug|Any CPU
		{EABCAF99-BE27-4C3F-B8A6-C40E6C160F04}.Debug|Any CPU.Build.0 = Debug|Any CPU
		{EABCAF99-BE27-4C3F-B8A6-C40E6C160F04}.Release|Any CPU.ActiveCfg = Release|Any CPU
		{EABCAF99-BE27-4C3F-B8A6-C40E6C160F04}.Release|Any CPU.Build.0 = Release|Any CPU
	EndGlobalSection
	GlobalSection(SolutionProperties) = preSolution
		HideSolutionNode = FALSE
	EndGlobalSection
	GlobalSection(ExtensibilityGlobals) = postSolution
		SolutionGuid = {1324C33F-C689-441B-BB6E-5963653E7691}
	EndGlobalSection
EndGlobal
